
Microsoft Visual Studio Solution File, Format Version 12.00
# Visual Studio Version 16
VisualStudioVersion = 16.0.29009.5
MinimumVisualStudioVersion = 10.0.40219.1
Project("{FAE04EC0-301F-11D3-BF4B-00C04F79EFBC}") = "cinema", "cinema\cinema.csproj", "{74ADFA2A-8374-4247-BC43-C933EFD4C411}"
EndProject
Global
	GlobalSection(SolutionConfigurationPlatforms) = preSolution
		Debug|Any CPU = Debug|Any CPU
		Release|Any CPU = Release|Any CPU
	EndGlobalSection
	GlobalSection(ProjectConfigurationPlatforms) = postSolution
		{74ADFA2A-8374-4247-BC43-C933EFD4C411}.Debug|Any CPU.ActiveCfg = Debug|Any CPU
		{74ADFA2A-8374-4247-BC43-C933EFD4C411}.Debug|Any CPU.Build.0 = Debug|Any CPU
		{74ADFA2A-8374-4247-BC43-C933EFD4C411}.Release|Any CPU.ActiveCfg = Release|Any CPU
		{74ADFA2A-8374-4247-BC43-C933EFD4C411}.Release|Any CPU.Build.0 = Release|Any CPU
	EndGlobalSection
	GlobalSection(SolutionProperties) = preSolution
		HideSolutionNode = FALSE
	EndGlobalSection
	GlobalSection(ExtensibilityGlobals) = postSolution
		SolutionGuid = {889C2048-8695-41D6-A0C8-F0F41F1D5DA4}
	EndGlobalSection
EndGlobal
